
Microsoft Visual Studio Solution File, Format Version 12.00
# Visual Studio Version 16
VisualStudioVersion = 16.0.31019.35
MinimumVisualStudioVersion = 10.0.40219.1
Project("{9A19103F-16F7-4668-BE54-9A1E7A4F7556}") = "AutoSendFunds", "AutoSendFunds\AutoSendFunds.csproj", "{494888D4-4F6C-44E4-B13F-5D6BAD992293}"
EndProject
Project("{9A19103F-16F7-4668-BE54-9A1E7A4F7556}") = "AddressBookWebService", "AddressBookWebService\AddressBookWebService.csproj", "{7A7AA4BB-392D-40BE-BE9E-BCBDBBCC386D}"
EndProject
Project("{9A19103F-16F7-4668-BE54-9A1E7A4F7556}") = "SharedLib", "SharedLib\SharedLib.csproj", "{99A0EAB9-C04C-4C14-835B-FB35E01C8494}"
EndProject
Project("{FAE04EC0-301F-11D3-BF4B-00C04F79EFBC}") = "TestJsonStore", "TestJsonStore\TestJsonStore.csproj", "{ED24D2BF-97D1-461B-86B5-4D151E56AA28}"
EndProject
Global
	GlobalSection(SolutionConfigurationPlatforms) = preSolution
		Debug|Any CPU = Debug|Any CPU
		Release|Any CPU = Release|Any CPU
	EndGlobalSection
	GlobalSection(ProjectConfigurationPlatforms) = postSolution
		{494888D4-4F6C-44E4-B13F-5D6BAD992293}.Debug|Any CPU.ActiveCfg = Debug|Any CPU
		{494888D4-4F6C-44E4-B13F-5D6BAD992293}.Debug|Any CPU.Build.0 = Debug|Any CPU
		{494888D4-4F6C-44E4-B13F-5D6BAD992293}.Release|Any CPU.ActiveCfg = Release|Any CPU
		{494888D4-4F6C-44E4-B13F-5D6BAD992293}.Release|Any CPU.Build.0 = Release|Any CPU
		{7A7AA4BB-392D-40BE-BE9E-BCBDBBCC386D}.Debug|Any CPU.ActiveCfg = Debug|Any CPU
		{7A7AA4BB-392D-40BE-BE9E-BCBDBBCC386D}.Debug|Any CPU.Build.0 = Debug|Any CPU
		{7A7AA4BB-392D-40BE-BE9E-BCBDBBCC386D}.Release|Any CPU.ActiveCfg = Release|Any CPU
		{7A7AA4BB-392D-40BE-BE9E-BCBDBBCC386D}.Release|Any CPU.Build.0 = Release|Any CPU
		{99A0EAB9-C04C-4C14-835B-FB35E01C8494}.Debug|Any CPU.ActiveCfg = Debug|Any CPU
		{99A0EAB9-C04C-4C14-835B-FB35E01C8494}.Debug|Any CPU.Build.0 = Debug|Any CPU
		{99A0EAB9-C04C-4C14-835B-FB35E01C8494}.Release|Any CPU.ActiveCfg = Release|Any CPU
		{99A0EAB9-C04C-4C14-835B-FB35E01C8494}.Release|Any CPU.Build.0 = Release|Any CPU
		{ED24D2BF-97D1-461B-86B5-4D151E56AA28}.Debug|Any CPU.ActiveCfg = Debug|Any CPU
		{ED24D2BF-97D1-461B-86B5-4D151E56AA28}.Debug|Any CPU.Build.0 = Debug|Any CPU
		{ED24D2BF-97D1-461B-86B5-4D151E56AA28}.Release|Any CPU.ActiveCfg = Release|Any CPU
		{ED24D2BF-97D1-461B-86B5-4D151E56AA28}.Release|Any CPU.Build.0 = Release|Any CPU
	EndGlobalSection
	GlobalSection(SolutionProperties) = preSolution
		HideSolutionNode = FALSE
	EndGlobalSection
	GlobalSection(ExtensibilityGlobals) = postSolution
		SolutionGuid = {95E80E0D-E79C-4160-A6EB-4476E26B07CB}
	EndGlobalSection
EndGlobal
